
Microsoft Visual Studio Solution File, Format Version 12.00
# Visual Studio 15
VisualStudioVersion = 15.0.27703.2042
MinimumVisualStudioVersion = 10.0.40219.1
Project("{8BC9CEB8-8B4A-11D0-8D11-00A0C91BC942}") = "StupidTrapezoidCurve", "StupidTrapezoidCurve\StupidTrapezoidCurve.vcxproj", "{2AD13B52-3DFC-4752-9A2A-1EE22F0750B6}"
EndProject
Project("{8BC9CEB8-8B4A-11D0-8D11-00A0C91BC942}") = "SinWave", "SinWave\SinWave.vcxproj", "{2BAA3F4B-BB36-4211-89BA-404DB2ACB0CB}"
EndProject
Project("{2150E333-8FDC-42A3-9474-1A3956D46DE8}") = "CSV Path Files", "CSV Path Files", "{19532AAC-A5FE-40D7-B039-A7B40583A81B}"
	ProjectSection(SolutionItems) = preProject
		SinWave\SinwaveMP.csv = SinWave\SinwaveMP.csv
	EndProjectSection
EndProject
Global
	GlobalSection(SolutionConfigurationPlatforms) = preSolution
		Debug|x64 = Debug|x64
		Debug|x86 = Debug|x86
		Release|x64 = Release|x64
		Release|x86 = Release|x86
	EndGlobalSection
	GlobalSection(ProjectConfigurationPlatforms) = postSolution
		{2AD13B52-3DFC-4752-9A2A-1EE22F0750B6}.Debug|x64.ActiveCfg = Debug|x64
		{2AD13B52-3DFC-4752-9A2A-1EE22F0750B6}.Debug|x64.Build.0 = Debug|x64
		{2AD13B52-3DFC-4752-9A2A-1EE22F0750B6}.Debug|x86.ActiveCfg = Debug|Win32
		{2AD13B52-3DFC-4752-9A2A-1EE22F0750B6}.Debug|x86.Build.0 = Debug|Win32
		{2AD13B52-3DFC-4752-9A2A-1EE22F0750B6}.Release|x64.ActiveCfg = Release|x64
		{2AD13B52-3DFC-4752-9A2A-1EE22F0750B6}.Release|x64.Build.0 = Release|x64
		{2AD13B52-3DFC-4752-9A2A-1EE22F0750B6}.Release|x86.ActiveCfg = Release|Win32
		{2AD13B52-3DFC-4752-9A2A-1EE22F0750B6}.Release|x86.Build.0 = Release|Win32
		{2BAA3F4B-BB36-4211-89BA-404DB2ACB0CB}.Debug|x64.ActiveCfg = Debug|x64
		{2BAA3F4B-BB36-4211-89BA-404DB2ACB0CB}.Debug|x64.Build.0 = Debug|x64
		{2BAA3F4B-BB36-4211-89BA-404DB2ACB0CB}.Debug|x86.ActiveCfg = Debug|Win32
		{2BAA3F4B-BB36-4211-89BA-404DB2ACB0CB}.Debug|x86.Build.0 = Debug|Win32
		{2BAA3F4B-BB36-4211-89BA-404DB2ACB0CB}.Release|x64.ActiveCfg = Release|x64
		{2BAA3F4B-BB36-4211-89BA-404DB2ACB0CB}.Release|x64.Build.0 = Release|x64
		{2BAA3F4B-BB36-4211-89BA-404DB2ACB0CB}.Release|x86.ActiveCfg = Release|Win32
		{2BAA3F4B-BB36-4211-89BA-404DB2ACB0CB}.Release|x86.Build.0 = Release|Win32
	EndGlobalSection
	GlobalSection(SolutionProperties) = preSolution
		HideSolutionNode = FALSE
	EndGlobalSection
	GlobalSection(ExtensibilityGlobals) = postSolution
		SolutionGuid = {D995DD8D-CE59-4476-8909-61ED9662B1A2}
	EndGlobalSection
EndGlobal
